// !$*UTF8*$!
{
	archiveVersion = 1;
	classes = {
	};
	objectVersion = 46;
	objects = {

/* Begin PBXBuildFile section */
		C1E0DD781AB89DEB005A5CA2 /* AppDelegate.swift in Sources */ = {isa = PBXBuildFile; fileRef = C1E0DD771AB89DEB005A5CA2 /* AppDelegate.swift */; };
		C1E0DD7A1AB89DEB005A5CA2 /* ViewController.swift in Sources */ = {isa = PBXBuildFile; fileRef = C1E0DD791AB89DEB005A5CA2 /* ViewController.swift */; };
		C1E0DD7D1AB89DEB005A5CA2 /* Main.storyboard in Resources */ = {isa = PBXBuildFile; fileRef = C1E0DD7B1AB89DEB005A5CA2 /* Main.storyboard */; };
		C1E0DD7F1AB89DEB005A5CA2 /* Images.xcassets in Resources */ = {isa = PBXBuildFile; fileRef = C1E0DD7E1AB89DEB005A5CA2 /* Images.xcassets */; };
		C1E0DD821AB89DEB005A5CA2 /* LaunchScreen.xib in Resources */ = {isa = PBXBuildFile; fileRef = C1E0DD801AB89DEB005A5CA2 /* LaunchScreen.xib */; };
		C1E0DD8E1AB89DEB005A5CA2 /* GitTestTests.swift in Sources */ = {isa = PBXBuildFile; fileRef = C1E0DD8D1AB89DEB005A5CA2 /* GitTestTests.swift */; };
/* End PBXBuildFile section */

/* Begin PBXContainerItemProxy section */
		C1E0DD881AB89DEB005A5CA2 /* PBXContainerItemProxy */ = {
			isa = PBXContainerItemProxy;
			containerPortal = C1E0DD6A1AB89DEB005A5CA2 /* Project object */;
			proxyType = 1;
			remoteGlobalIDString = C1E0DD711AB89DEB005A5CA2;
			remoteInfo = GitTest;
		};
/* End PBXContainerItemProxy section */

/* Begin PBXFileReference section */
		C1E0DD721AB89DEB005A5CA2 /* GitTest.app */ = {isa = PBXFileReference; explicitFileType = wrapper.application; includeInIndex = 0; path = GitTest.app; sourceTree = BUILT_PRODUCTS_DIR; };
		C1E0DD761AB89DEB005A5CA2 /* Info.plist */ = {isa = PBXFileReference; lastKnownFileType = text.plist.xml; path = Info.plist; sourceTree = "<group>"; };
		C1E0DD771AB89DEB005A5CA2 /* AppDelegate.swift */ = {isa = PBXFileReference; lastKnownFileType = sourcecode.swift; path = AppDelegate.swift; sourceTree = "<group>"; };
		C1E0DD791AB89DEB005A5CA2 /* ViewController.swift */ = {isa = PBXFileReference; lastKnownFileType = sourcecode.swift; path = ViewController.swift; sourceTree = "<group>"; };
		C1E0DD7C1AB89DEB005A5CA2 /* Base */ = {isa = PBXFileReference; lastKnownFileType = file.storyboard; name = Base; path = Base.lproj/Main.storyboard; sourceTree = "<group>"; };
		C1E0DD7E1AB89DEB005A5CA2 /* Images.xcassets */ = {isa = PBXFileReference; lastKnownFileType = folder.assetcatalog; path = Images.xcassets; sourceTree = "<group>"; };
		C1E0DD811AB89DEB005A5CA2 /* Base */ = {isa = PBXFileReference; lastKnownFileType = file.xib; name = Base; path = Base.lproj/LaunchScreen.xib; sourceTree = "<group>"; };
		C1E0DD871AB89DEB005A5CA2 /* GitTestTests.xctest */ = {isa = PBXFileReference; explicitFileType = wrapper.cfbundle; includeInIndex = 0; path = GitTestTests.xctest; sourceTree = BUILT_PRODUCTS_DIR; };
		C1E0DD8C1AB89DEB005A5CA2 /* Info.plist */ = {isa = PBXFileReference; lastKnownFileType = text.plist.xml; path = Info.plist; sourceTree = "<group>"; };
		C1E0DD8D1AB89DEB005A5CA2 /* GitTestTests.swift */ = {isa = PBXFileReference; lastKnownFileType = sourcecode.swift; path = GitTestTests.swift; sourceTree = "<group>"; };
/* End PBXFileReference section */

/* Begin PBXFrameworksBuildPhase section */
		C1E0DD6F1AB89DEB005A5CA2 /* Frameworks */ = {
			isa = PBXFrameworksBuildPhase;
			buildActionMask = 2147483647;
			files = (
			);
			runOnlyForDeploymentPostprocessing = 0;
		};
		C1E0DD841AB89DEB005A5CA2 /* Frameworks */ = {
			isa = PBXFrameworksBuildPhase;
			buildActionMask = 2147483647;
			files = (
			);
			runOnlyForDeploymentPostprocessing = 0;
		};
/* End PBXFrameworksBuildPhase section */

/* Begin PBXGroup section */
		C1E0DD691AB89DEB005A5CA2 = {
			isa = PBXGroup;
			children = (
				C1E0DD741AB89DEB005A5CA2 /* GitTest */,
				C1E0DD8A1AB89DEB005A5CA2 /* GitTestTests */,
				C1E0DD731AB89DEB005A5CA2 /* Products */,
			);
			sourceTree = "<group>";
		};
		C1E0DD731AB89DEB005A5CA2 /* Products */ = {
			isa = PBXGroup;
			children = (
				C1E0DD721AB89DEB005A5CA2 /* GitTest.app */,
				C1E0DD871AB89DEB005A5CA2 /* GitTestTests.xctest */,
			);
			name = Products;
			sourceTree = "<group>";
		};
		C1E0DD741AB89DEB005A5CA2 /* GitTest */ = {
			isa = PBXGroup;
			children = (
				C1E0DD771AB89DEB005A5CA2 /* AppDelegate.swift */,
				C1E0DD791AB89DEB005A5CA2 /* ViewController.swift */,
				C1E0DD7B1AB89DEB005A5CA2 /* Main.storyboard */,
				C1E0DD7E1AB89DEB005A5CA2 /* Images.xcassets */,
				C1E0DD801AB89DEB005A5CA2 /* LaunchScreen.xib */,
				C1E0DD751AB89DEB005A5CA2 /* Supporting Files */,
			);
			path = GitTest;
			sourceTree = "<group>";
		};
		C1E0DD751AB89DEB005A5CA2 /* Supporting Files */ = {
			isa = PBXGroup;
			children = (
				C1E0DD761AB89DEB005A5CA2 /* Info.plist */,
			);
			name = "Supporting Files";
			sourceTree = "<group>";
		};
		C1E0DD8A1AB89DEB005A5CA2 /* GitTestTests */ = {
			isa = PBXGroup;
			children = (
				C1E0DD8D1AB89DEB005A5CA2 /* GitTestTests.swift */,
				C1E0DD8B1AB89DEB005A5CA2 /* Supporting Files */,
			);
			path = GitTestTests;
			sourceTree = "<group>";
		};
		C1E0DD8B1AB89DEB005A5CA2 /* Supporting Files */ = {
			isa = PBXGroup;
			children = (
				C1E0DD8C1AB89DEB005A5CA2 /* Info.plist */,
			);
			name = "Supporting Files";
			sourceTree = "<group>";
		};
/* End PBXGroup section */

/* Begin PBXNativeTarget section */
		C1E0DD711AB89DEB005A5CA2 /* GitTest */ = {
			isa = PBXNativeTarget;
			buildConfigurationList = C1E0DD911AB89DEB005A5CA2 /* Build configuration list for PBXNativeTarget "GitTest" */;
			buildPhases = (
				C1E0DD6E1AB89DEB005A5CA2 /* Sources */,
				C1E0DD6F1AB89DEB005A5CA2 /* Frameworks */,
				C1E0DD701AB89DEB005A5CA2 /* Resources */,
			);
			buildRules = (
			);
			dependencies = (
			);
			name = GitTest;
			productName = GitTest;
			productReference = C1E0DD721AB89DEB005A5CA2 /* GitTest.app */;
			productType = "com.apple.product-type.application";
		};
		C1E0DD861AB89DEB005A5CA2 /* GitTestTests */ = {
			isa = PBXNativeTarget;
			buildConfigurationList = C1E0DD941AB89DEB005A5CA2 /* Build configuration list for PBXNativeTarget "GitTestTests" */;
			buildPhases = (
				C1E0DD831AB89DEB005A5CA2 /* Sources */,
				C1E0DD841AB89DEB005A5CA2 /* Frameworks */,
				C1E0DD851AB89DEB005A5CA2 /* Resources */,
			);
			buildRules = (
			);
			dependencies = (
				C1E0DD891AB89DEB005A5CA2 /* PBXTargetDependency */,
			);
			name = GitTestTests;
			productName = GitTestTests;
			productReference = C1E0DD871AB89DEB005A5CA2 /* GitTestTests.xctest */;
			productType = "com.apple.product-type.bundle.unit-test";
		};
/* End PBXNativeTarget section */

/* Begin PBXProject section */
		C1E0DD6A1AB89DEB005A5CA2 /* Project object */ = {
			isa = PBXProject;
			attributes = {
				LastUpgradeCheck = 0620;
				ORGANIZATIONNAME = "Randall L Schilling";
				TargetAttributes = {
					C1E0DD711AB89DEB005A5CA2 = {
						CreatedOnToolsVersion = 6.2;
					};
					C1E0DD861AB89DEB005A5CA2 = {
						CreatedOnToolsVersion = 6.2;
						TestTargetID = C1E0DD711AB89DEB005A5CA2;
					};
				};
			};
			buildConfigurationList = C1E0DD6D1AB89DEB005A5CA2 /* Build configuration list for PBXProject "GitTest" */;
			compatibilityVersion = "Xcode 3.2";
			developmentRegion = English;
			hasScannedForEncodings = 0;
			knownRegions = (
				en,
				Base,
			);
			mainGroup = C1E0DD691AB89DEB005A5CA2;
			productRefGroup = C1E0DD731AB89DEB005A5CA2 /* Products */;
			projectDirPath = "";
			projectRoot = "";
			targets = (
				C1E0DD711AB89DEB005A5CA2 /* GitTest */,
				C1E0DD861AB89DEB005A5CA2 /* GitTestTests */,
			);
		};
/* End PBXProject section */

/* Begin PBXResourcesBuildPhase section */
		C1E0DD701AB89DEB005A5CA2 /* Resources */ = {
			isa = PBXResourcesBuildPhase;
			buildActionMask = 2147483647;
			files = (
				C1E0DD7D1AB89DEB005A5CA2 /* Main.storyboard in Resources */,
				C1E0DD821AB89DEB005A5CA2 /* LaunchScreen.xib in Resources */,
				C1E0DD7F1AB89DEB005A5CA2 /* Images.xcassets in Resources */,
			);
			runOnlyForDeploymentPostprocessing = 0;
		};
		C1E0DD851AB89DEB005A5CA2 /* Resources */ = {
			isa = PBXResourcesBuildPhase;
			buildActionMask = 2147483647;
			files = (
			);
			runOnlyForDeploymentPostprocessing = 0;
		};
/* End PBXResourcesBuildPhase section */

/* Begin PBXSourcesBuildPhase section */
		C1E0DD6E1AB89DEB005A5CA2 /* Sources */ = {
			isa = PBXSourcesBuildPhase;
			buildActionMask = 2147483647;
			files = (
				C1E0DD7A1AB89DEB005A5CA2 /* ViewController.swift in Sources */,
				C1E0DD781AB89DEB005A5CA2 /* AppDelegate.swift in Sources */,
			);
			runOnlyForDeploymentPostprocessing = 0;
		};
		C1E0DD831AB89DEB005A5CA2 /* Sources */ = {
			isa = PBXSourcesBuildPhase;
			buildActionMask = 2147483647;
			files = (
				C1E0DD8E1AB89DEB005A5CA2 /* GitTestTests.swift in Sources */,
			);
			runOnlyForDeploymentPostprocessing = 0;
		};
/* End PBXSourcesBuildPhase section */

/* Begin PBXTargetDependency section */
		C1E0DD891AB89DEB005A5CA2 /* PBXTargetDependency */ = {
			isa = PBXTargetDependency;
			target = C1E0DD711AB89DEB005A5CA2 /* GitTest */;
			targetProxy = C1E0DD881AB89DEB005A5CA2 /* PBXContainerItemProxy */;
		};
/* End PBXTargetDependency section */

/* Begin PBXVariantGroup section */
		C1E0DD7B1AB89DEB005A5CA2 /* Main.storyboard */ = {
			isa = PBXVariantGroup;
			children = (
				C1E0DD7C1AB89DEB005A5CA2 /* Base */,
			);
			name = Main.storyboard;
			sourceTree = "<group>";
		};
		C1E0DD801AB89DEB005A5CA2 /* LaunchScreen.xib */ = {
			isa = PBXVariantGroup;
			children = (
				C1E0DD811AB89DEB005A5CA2 /* Base */,
			);
			name = LaunchScreen.xib;
			sourceTree = "<group>";
		};
/* End PBXVariantGroup section */

/* Begin XCBuildConfiguration section */
		C1E0DD8F1AB89DEB005A5CA2 /* Debug */ = {
			isa = XCBuildConfiguration;
			buildSettings = {
				ALWAYS_SEARCH_USER_PATHS = NO;
				CLANG_CXX_LANGUAGE_STANDARD = "gnu++0x";
				CLANG_CXX_LIBRARY = "libc++";
				CLANG_ENABLE_MODULES = YES;
				CLANG_ENABLE_OBJC_ARC = YES;
				CLANG_WARN_BOOL_CONVERSION = YES;
				CLANG_WARN_CONSTANT_CONVERSION = YES;
				CLANG_WARN_DIRECT_OBJC_ISA_USAGE = YES_ERROR;
				CLANG_WARN_EMPTY_BODY = YES;
				CLANG_WARN_ENUM_CONVERSION = YES;
				CLANG_WARN_INT_CONVERSION = YES;
				CLANG_WARN_OBJC_ROOT_CLASS = YES_ERROR;
				CLANG_WARN_UNREACHABLE_CODE = YES;
				CLANG_WARN__DUPLICATE_METHOD_MATCH = YES;
				"CODE_SIGN_IDENTITY[sdk=iphoneos*]" = "iPhone Developer";
				COPY_PHASE_STRIP = NO;
				ENABLE_STRICT_OBJC_MSGSEND = YES;
				GCC_C_LANGUAGE_STANDARD = gnu99;
				GCC_DYNAMIC_NO_PIC = NO;
				GCC_OPTIMIZATION_LEVEL = 0;
				GCC_PREPROCESSOR_DEFINITIONS = (
					"DEBUG=1",
					"$(inherited)",
				);
				GCC_SYMBOLS_PRIVATE_EXTERN = NO;
				GCC_WARN_64_TO_32_BIT_CONVERSION = YES;
				GCC_WARN_ABOUT_RETURN_TYPE = YES_ERROR;
				GCC_WARN_UNDECLARED_SELECTOR = YES;
				GCC_WARN_UNINITIALIZED_AUTOS = YES_AGGRESSIVE;
				GCC_WARN_UNUSED_FUNCTION = YES;
				GCC_WARN_UNUSED_VARIABLE = YES;
				IPHONEOS_DEPLOYMENT_TARGET = 8.2;
				MTL_ENABLE_DEBUG_INFO = YES;
				ONLY_ACTIVE_ARCH = YES;
				SDKROOT = iphoneos;
				SWIFT_OPTIMIZATION_LEVEL = "-Onone";
				TARGETED_DEVICE_FAMILY = "1,2";
			};
			name = Debug;
		};
		C1E0DD901AB89DEB005A5CA2 /* Release */ = {
			isa = XCBuildConfiguration;
			buildSettings = {
				ALWAYS_SEARCH_USER_PATHS = NO;
				CLANG_CXX_LANGUAGE_STANDARD = "gnu++0x";
				CLANG_CXX_LIBRARY = "libc++";
				CLANG_ENABLE_MODULES = YES;
				CLANG_ENABLE_OBJC_ARC = YES;
				CLANG_WARN_BOOL_CONVERSION = YES;
				CLANG_WARN_CONSTANT_CONVERSION = YES;
				CLANG_WARN_DIRECT_OBJC_ISA_USAGE = YES_ERROR;
				CLANG_WARN_EMPTY_BODY = YES;
				CLANG_WARN_ENUM_CONVERSION = YES;
				CLANG_WARN_INT_CONVERSION = YES;
				CLANG_WARN_OBJC_ROOT_CLASS = YES_ERROR;
				CLANG_WARN_UNREACHABLE_CODE = YES;
				CLANG_WARN__DUPLICATE_METHOD_MATCH = YES;
				"CODE_SIGN_IDENTITY[sdk=iphoneos*]" = "iPhone Developer";
				COPY_PHASE_STRIP = NO;
				ENABLE_NS_ASSERTIONS = NO;
				ENABLE_STRICT_OBJC_MSGSEND = YES;
				GCC_C_LANGUAGE_STANDARD = gnu99;
				GCC_WARN_64_TO_32_BIT_CONVERSION = YES;
				GCC_WARN_ABOUT_RETURN_TYPE = YES_ERROR;
				GCC_WARN_UNDECLARED_SELECTOR = YES;
				GCC_WARN_UNINITIALIZED_AUTOS = YES_AGGRESSIVE;
				GCC_WARN_UNUSED_FUNCTION = YES;
				GCC_WARN_UNUSED_VARIABLE = YES;
				IPHONEOS_DEPLOYMENT_TARGET = 8.2;
				MTL_ENABLE_DEBUG_INFO = NO;
				SDKROOT = iphoneos;
				TARGETED_DEVICE_FAMILY = "1,2";
				VALIDATE_PRODUCT = YES;
			};
			name = Release;
		};
		C1E0DD921AB89DEB005A5CA2 /* Debug */ = {
			isa = XCBuildConfiguration;
			buildSettings = {
				ASSETCATALOG_COMPILER_APPICON_NAME = AppIcon;
				INFOPLIST_FILE = GitTest/Info.plist;
				LD_RUNPATH_SEARCH_PATHS = "$(inherited) @executable_path/Frameworks";
				PRODUCT_NAME = "$(TARGET_NAME)";
			};
			name = Debug;
		};
		C1E0DD931AB89DEB005A5CA2 /* Release */ = {
			isa = XCBuildConfiguration;
			buildSettings = {
				ASSETCATALOG_COMPILER_APPICON_NAME = AppIcon;
				INFOPLIST_FILE = GitTest/Info.plist;
				LD_RUNPATH_SEARCH_PATHS = "$(inherited) @executable_path/Frameworks";
				PRODUCT_NAME = "$(TARGET_NAME)";
			};
			name = Release;
		};
		C1E0DD951AB89DEB005A5CA2 /* Debug */ = {
			isa = XCBuildConfiguration;
			buildSettings = {
				BUNDLE_LOADER = "$(TEST_HOST)";
				FRAMEWORK_SEARCH_PATHS = (
					"$(SDKROOT)/Developer/Library/Frameworks",
					"$(inherited)",
				);
				GCC_PREPROCESSOR_DEFINITIONS = (
					"DEBUG=1",
					"$(inherited)",
				);
				INFOPLIST_FILE = GitTestTests/Info.plist;
				LD_RUNPATH_SEARCH_PATHS = "$(inherited) @executable_path/Frameworks @loader_path/Frameworks";
				PRODUCT_NAME = "$(TARGET_NAME)";
				TEST_HOST = "$(BUILT_PRODUCTS_DIR)/GitTest.app/GitTest";
			};
			name = Debug;
		};
		C1E0DD961AB89DEB005A5CA2 /* Release */ = {
			isa = XCBuildConfiguration;
			buildSettings = {
				BUNDLE_LOADER = "$(TEST_HOST)";
				FRAMEWORK_SEARCH_PATHS = (
					"$(SDKROOT)/Developer/Library/Frameworks",
					"$(inherited)",
				);
				INFOPLIST_FILE = GitTestTests/Info.plist;
				LD_RUNPATH_SEARCH_PATHS = "$(inherited) @executable_path/Frameworks @loader_path/Frameworks";
				PRODUCT_NAME = "$(TARGET_NAME)";
				TEST_HOST = "$(BUILT_PRODUCTS_DIR)/GitTest.app/GitTest";
			};
			name = Release;
		};
/* End XCBuildConfiguration section */

/* Begin XCConfigurationList section */
		C1E0DD6D1AB89DEB005A5CA2 /* Build configuration list for PBXProject "GitTest" */ = {
			isa = XCConfigurationList;
			buildConfigurations = (
				C1E0DD8F1AB89DEB005A5CA2 /* Debug */,
				C1E0DD901AB89DEB005A5CA2 /* Release */,
			);
			defaultConfigurationIsVisible = 0;
			defaultConfigurationName = Release;
		};
		C1E0DD911AB89DEB005A5CA2 /* Build configuration list for PBXNativeTarget "GitTest" */ = {
			isa = XCConfigurationList;
			buildConfigurations = (
				C1E0DD921AB89DEB005A5CA2 /* Debug */,
				C1E0DD931AB89DEB005A5CA2 /* Release */,
			);
			defaultConfigurationIsVisible = 0;
		};
		C1E0DD941AB89DEB005A5CA2 /* Build configuration list for PBXNativeTarget "GitTestTests" */ = {
			isa = XCConfigurationList;
			buildConfigurations = (
				C1E0DD951AB89DEB005A5CA2 /* Debug */,
				C1E0DD961AB89DEB005A5CA2 /* Release */,
			);
			defaultConfigurationIsVisible = 0;
		};
/* End XCConfigurationList section */
	};
	rootObject = C1E0DD6A1AB89DEB005A5CA2 /* Project object */;
}
